
Microsoft Visual Studio Solution File, Format Version 12.00
# Visual Studio Version 17
VisualStudioVersion = 17.0.31912.275
MinimumVisualStudioVersion = 10.0.40219.1
Project("{9A19103F-16F7-4668-BE54-9A1E7A4F7556}") = "Day1", "Day1\Day1.csproj", "{5CD08E64-ACF3-427C-9FC3-8703720E5A9B}"
EndProject
Project("{9A19103F-16F7-4668-BE54-9A1E7A4F7556}") = "Shared", "Shared\Shared.csproj", "{D55507B8-3925-4124-967A-71E8C6293644}"
EndProject
Project("{9A19103F-16F7-4668-BE54-9A1E7A4F7556}") = "Day2", "Day2\Day2.csproj", "{C4C3BE99-EF78-48A7-ABA0-83B0A85A4BA3}"
EndProject
Project("{9A19103F-16F7-4668-BE54-9A1E7A4F7556}") = "Day3", "Day3\Day3.csproj", "{5E8C7355-97AE-416F-B6FE-929ACF915BBB}"
EndProject
Project("{9A19103F-16F7-4668-BE54-9A1E7A4F7556}") = "Day4", "Day4\Day4.csproj", "{BFCEE23C-FD5F-45B5-82FD-681AAD891E4A}"
EndProject
Project("{9A19103F-16F7-4668-BE54-9A1E7A4F7556}") = "Day5", "Day5\Day5.csproj", "{217D1FDF-4E1B-4443-9195-704F4731E28F}"
EndProject
Project("{9A19103F-16F7-4668-BE54-9A1E7A4F7556}") = "Day6", "Day6\Day6.csproj", "{248E5FB6-9DF6-4DB7-A2A1-D67A86C3A006}"
EndProject
Project("{9A19103F-16F7-4668-BE54-9A1E7A4F7556}") = "AdventOfCode2021", "AdventOfCode2021\AdventOfCode2021.csproj", "{80105DD9-C3DD-4BE4-A1EC-C2B212F904B6}"
EndProject
Project("{9A19103F-16F7-4668-BE54-9A1E7A4F7556}") = "Day7", "Day7\Day7.csproj", "{7BC117DC-90FE-4D1F-AFE7-35DD304423CC}"
EndProject
Project("{9A19103F-16F7-4668-BE54-9A1E7A4F7556}") = "Day8", "Day8\Day8.csproj", "{176DD751-66DC-4F7E-9513-33086F5B507B}"
EndProject
Project("{9A19103F-16F7-4668-BE54-9A1E7A4F7556}") = "Day9", "Day9\Day9.csproj", "{71FD8E2A-B6AD-467A-83D9-0FD2B5B9CA91}"
EndProject
Project("{9A19103F-16F7-4668-BE54-9A1E7A4F7556}") = "Day10", "Day10\Day10.csproj", "{05430623-0EBA-4CDC-9FEA-470AF9EA3DFA}"
EndProject
Project("{9A19103F-16F7-4668-BE54-9A1E7A4F7556}") = "Day11", "Day11\Day11.csproj", "{7BCB4399-DDA4-4668-B9E7-5A18729E6911}"
EndProject
Project("{9A19103F-16F7-4668-BE54-9A1E7A4F7556}") = "Day12", "Day12\Day12.csproj", "{D18863CA-E2A7-445E-8A22-C23522207031}"
EndProject
Project("{9A19103F-16F7-4668-BE54-9A1E7A4F7556}") = "Day13", "Day13\Day13.csproj", "{0C6A0FF1-D9BE-4C63-A325-0CC134217D68}"
EndProject
Project("{9A19103F-16F7-4668-BE54-9A1E7A4F7556}") = "Day14", "Day14\Day14.csproj", "{5F3FDC90-EDA2-42AB-AB7B-54C498ECCAFC}"
EndProject
Project("{9A19103F-16F7-4668-BE54-9A1E7A4F7556}") = "Day15", "Day15\Day15.csproj", "{63436B51-F194-4715-AFC2-B719E0524616}"
EndProject
Project("{9A19103F-16F7-4668-BE54-9A1E7A4F7556}") = "Day16", "Day16\Day16.csproj", "{B2CF0DBD-E5C5-418A-847E-42122A22184C}"
EndProject
Project("{9A19103F-16F7-4668-BE54-9A1E7A4F7556}") = "Day17", "Day17\Day17.csproj", "{7892CC4D-230E-4952-B2C9-43EDFBF118A1}"
EndProject
Project("{9A19103F-16F7-4668-BE54-9A1E7A4F7556}") = "Day18", "Day18\Day18.csproj", "{B5A7C192-0EE6-4BF1-80EB-A428542FC5B5}"
EndProject
Project("{9A19103F-16F7-4668-BE54-9A1E7A4F7556}") = "Day19", "Day19\Day19.csproj", "{8891D871-593E-4235-ACFE-B0877AC21E7F}"
EndProject
Project("{9A19103F-16F7-4668-BE54-9A1E7A4F7556}") = "Day20", "Day20\Day20.csproj", "{7F3A400E-B3D4-4747-8985-0D2C6E9A905D}"
EndProject
Project("{9A19103F-16F7-4668-BE54-9A1E7A4F7556}") = "Day21", "Day21\Day21.csproj", "{C8107BC3-7A2B-448C-B967-4A64DAC054AC}"
EndProject
Project("{9A19103F-16F7-4668-BE54-9A1E7A4F7556}") = "Day22", "Day22\Day22.csproj", "{4E126F1E-376F-4CE8-A3F5-5C3E0EF00E52}"
EndProject
Project("{FAE04EC0-301F-11D3-BF4B-00C04F79EFBC}") = "Day23", "Day23\Day23.csproj", "{87F4E158-B842-42AF-A25B-33620355876D}"
EndProject
Global
	GlobalSection(SolutionConfigurationPlatforms) = preSolution
		Debug|Any CPU = Debug|Any CPU
		Release|Any CPU = Release|Any CPU
	EndGlobalSection
	GlobalSection(ProjectConfigurationPlatforms) = postSolution
		{5CD08E64-ACF3-427C-9FC3-8703720E5A9B}.Debug|Any CPU.ActiveCfg = Debug|Any CPU
		{5CD08E64-ACF3-427C-9FC3-8703720E5A9B}.Debug|Any CPU.Build.0 = Debug|Any CPU
		{5CD08E64-ACF3-427C-9FC3-8703720E5A9B}.Release|Any CPU.ActiveCfg = Release|Any CPU
		{5CD08E64-ACF3-427C-9FC3-8703720E5A9B}.Release|Any CPU.Build.0 = Release|Any CPU
		{D55507B8-3925-4124-967A-71E8C6293644}.Debug|Any CPU.ActiveCfg = Debug|Any CPU
		{D55507B8-3925-4124-967A-71E8C6293644}.Debug|Any CPU.Build.0 = Debug|Any CPU
		{D55507B8-3925-4124-967A-71E8C6293644}.Release|Any CPU.ActiveCfg = Release|Any CPU
		{D55507B8-3925-4124-967A-71E8C6293644}.Release|Any CPU.Build.0 = Release|Any CPU
		{C4C3BE99-EF78-48A7-ABA0-83B0A85A4BA3}.Debug|Any CPU.ActiveCfg = Debug|Any CPU
		{C4C3BE99-EF78-48A7-ABA0-83B0A85A4BA3}.Debug|Any CPU.Build.0 = Debug|Any CPU
		{C4C3BE99-EF78-48A7-ABA0-83B0A85A4BA3}.Release|Any CPU.ActiveCfg = Release|Any CPU
		{C4C3BE99-EF78-48A7-ABA0-83B0A85A4BA3}.Release|Any CPU.Build.0 = Release|Any CPU
		{5E8C7355-97AE-416F-B6FE-929ACF915BBB}.Debug|Any CPU.ActiveCfg = Debug|Any CPU
		{5E8C7355-97AE-416F-B6FE-929ACF915BBB}.Debug|Any CPU.Build.0 = Debug|Any CPU
		{5E8C7355-97AE-416F-B6FE-929ACF915BBB}.Release|Any CPU.ActiveCfg = Release|Any CPU
		{5E8C7355-97AE-416F-B6FE-929ACF915BBB}.Release|Any CPU.Build.0 = Release|Any CPU
		{BFCEE23C-FD5F-45B5-82FD-681AAD891E4A}.Debug|Any CPU.ActiveCfg = Debug|Any CPU
		{BFCEE23C-FD5F-45B5-82FD-681AAD891E4A}.Debug|Any CPU.Build.0 = Debug|Any CPU
		{BFCEE23C-FD5F-45B5-82FD-681AAD891E4A}.Release|Any CPU.ActiveCfg = Release|Any CPU
		{BFCEE23C-FD5F-45B5-82FD-681AAD891E4A}.Release|Any CPU.Build.0 = Release|Any CPU
		{217D1FDF-4E1B-4443-9195-704F4731E28F}.Debug|Any CPU.ActiveCfg = Debug|Any CPU
		{217D1FDF-4E1B-4443-9195-704F4731E28F}.Debug|Any CPU.Build.0 = Debug|Any CPU
		{217D1FDF-4E1B-4443-9195-704F4731E28F}.Release|Any CPU.ActiveCfg = Release|Any CPU
		{217D1FDF-4E1B-4443-9195-704F4731E28F}.Release|Any CPU.Build.0 = Release|Any CPU
		{248E5FB6-9DF6-4DB7-A2A1-D67A86C3A006}.Debug|Any CPU.ActiveCfg = Debug|Any CPU
		{248E5FB6-9DF6-4DB7-A2A1-D67A86C3A006}.Debug|Any CPU.Build.0 = Debug|Any CPU
		{248E5FB6-9DF6-4DB7-A2A1-D67A86C3A006}.Release|Any CPU.ActiveCfg = Release|Any CPU
		{248E5FB6-9DF6-4DB7-A2A1-D67A86C3A006}.Release|Any CPU.Build.0 = Release|Any CPU
		{80105DD9-C3DD-4BE4-A1EC-C2B212F904B6}.Debug|Any CPU.ActiveCfg = Debug|Any CPU
		{80105DD9-C3DD-4BE4-A1EC-C2B212F904B6}.Debug|Any CPU.Build.0 = Debug|Any CPU
		{80105DD9-C3DD-4BE4-A1EC-C2B212F904B6}.Release|Any CPU.ActiveCfg = Release|Any CPU
		{80105DD9-C3DD-4BE4-A1EC-C2B212F904B6}.Release|Any CPU.Build.0 = Release|Any CPU
		{7BC117DC-90FE-4D1F-AFE7-35DD304423CC}.Debug|Any CPU.ActiveCfg = Debug|Any CPU
		{7BC117DC-90FE-4D1F-AFE7-35DD304423CC}.Debug|Any CPU.Build.0 = Debug|Any CPU
		{7BC117DC-90FE-4D1F-AFE7-35DD304423CC}.Release|Any CPU.ActiveCfg = Release|Any CPU
		{7BC117DC-90FE-4D1F-AFE7-35DD304423CC}.Release|Any CPU.Build.0 = Release|Any CPU
		{176DD751-66DC-4F7E-9513-33086F5B507B}.Debug|Any CPU.ActiveCfg = Debug|Any CPU
		{176DD751-66DC-4F7E-9513-33086F5B507B}.Debug|Any CPU.Build.0 = Debug|Any CPU
		{176DD751-66DC-4F7E-9513-33086F5B507B}.Release|Any CPU.ActiveCfg = Release|Any CPU
		{176DD751-66DC-4F7E-9513-33086F5B507B}.Release|Any CPU.Build.0 = Release|Any CPU
		{71FD8E2A-B6AD-467A-83D9-0FD2B5B9CA91}.Debug|Any CPU.ActiveCfg = Debug|Any CPU
		{71FD8E2A-B6AD-467A-83D9-0FD2B5B9CA91}.Debug|Any CPU.Build.0 = Debug|Any CPU
		{71FD8E2A-B6AD-467A-83D9-0FD2B5B9CA91}.Release|Any CPU.ActiveCfg = Release|Any CPU
		{71FD8E2A-B6AD-467A-83D9-0FD2B5B9CA91}.Release|Any CPU.Build.0 = Release|Any CPU
		{05430623-0EBA-4CDC-9FEA-470AF9EA3DFA}.Debug|Any CPU.ActiveCfg = Debug|Any CPU
		{05430623-0EBA-4CDC-9FEA-470AF9EA3DFA}.Debug|Any CPU.Build.0 = Debug|Any CPU
		{05430623-0EBA-4CDC-9FEA-470AF9EA3DFA}.Release|Any CPU.ActiveCfg = Release|Any CPU
		{05430623-0EBA-4CDC-9FEA-470AF9EA3DFA}.Release|Any CPU.Build.0 = Release|Any CPU
		{7BCB4399-DDA4-4668-B9E7-5A18729E6911}.Debug|Any CPU.ActiveCfg = Debug|Any CPU
		{7BCB4399-DDA4-4668-B9E7-5A18729E6911}.Debug|Any CPU.Build.0 = Debug|Any CPU
		{7BCB4399-DDA4-4668-B9E7-5A18729E6911}.Release|Any CPU.ActiveCfg = Release|Any CPU
		{7BCB4399-DDA4-4668-B9E7-5A18729E6911}.Release|Any CPU.Build.0 = Release|Any CPU
		{D18863CA-E2A7-445E-8A22-C23522207031}.Debug|Any CPU.ActiveCfg = Debug|Any CPU
		{D18863CA-E2A7-445E-8A22-C23522207031}.Debug|Any CPU.Build.0 = Debug|Any CPU
		{D18863CA-E2A7-445E-8A22-C23522207031}.Release|Any CPU.ActiveCfg = Release|Any CPU
		{D18863CA-E2A7-445E-8A22-C23522207031}.Release|Any CPU.Build.0 = Release|Any CPU
		{0C6A0FF1-D9BE-4C63-A325-0CC134217D68}.Debug|Any CPU.ActiveCfg = Debug|Any CPU
		{0C6A0FF1-D9BE-4C63-A325-0CC134217D68}.Debug|Any CPU.Build.0 = Debug|Any CPU
		{0C6A0FF1-D9BE-4C63-A325-0CC134217D68}.Release|Any CPU.ActiveCfg = Release|Any CPU
		{0C6A0FF1-D9BE-4C63-A325-0CC134217D68}.Release|Any CPU.Build.0 = Release|Any CPU
		{5F3FDC90-EDA2-42AB-AB7B-54C498ECCAFC}.Debug|Any CPU.ActiveCfg = Debug|Any CPU
		{5F3FDC90-EDA2-42AB-AB7B-54C498ECCAFC}.Debug|Any CPU.Build.0 = Debug|Any CPU
		{5F3FDC90-EDA2-42AB-AB7B-54C498ECCAFC}.Release|Any CPU.ActiveCfg = Release|Any CPU
		{5F3FDC90-EDA2-42AB-AB7B-54C498ECCAFC}.Release|Any CPU.Build.0 = Release|Any CPU
		{63436B51-F194-4715-AFC2-B719E0524616}.Debug|Any CPU.ActiveCfg = Debug|Any CPU
		{63436B51-F194-4715-AFC2-B719E0524616}.Debug|Any CPU.Build.0 = Debug|Any CPU
		{63436B51-F194-4715-AFC2-B719E0524616}.Release|Any CPU.ActiveCfg = Release|Any CPU
		{63436B51-F194-4715-AFC2-B719E0524616}.Release|Any CPU.Build.0 = Release|Any CPU
		{B2CF0DBD-E5C5-418A-847E-42122A22184C}.Debug|Any CPU.ActiveCfg = Debug|Any CPU
		{B2CF0DBD-E5C5-418A-847E-42122A22184C}.Debug|Any CPU.Build.0 = Debug|Any CPU
		{B2CF0DBD-E5C5-418A-847E-42122A22184C}.Release|Any CPU.ActiveCfg = Release|Any CPU
		{B2CF0DBD-E5C5-418A-847E-42122A22184C}.Release|Any CPU.Build.0 = Release|Any CPU
		{7892CC4D-230E-4952-B2C9-43EDFBF118A1}.Debug|Any CPU.ActiveCfg = Debug|Any CPU
		{7892CC4D-230E-4952-B2C9-43EDFBF118A1}.Debug|Any CPU.Build.0 = Debug|Any CPU
		{7892CC4D-230E-4952-B2C9-43EDFBF118A1}.Release|Any CPU.ActiveCfg = Release|Any CPU
		{7892CC4D-230E-4952-B2C9-43EDFBF118A1}.Release|Any CPU.Build.0 = Release|Any CPU
		{B5A7C192-0EE6-4BF1-80EB-A428542FC5B5}.Debug|Any CPU.ActiveCfg = Debug|Any CPU
		{B5A7C192-0EE6-4BF1-80EB-A428542FC5B5}.Debug|Any CPU.Build.0 = Debug|Any CPU
		{B5A7C192-0EE6-4BF1-80EB-A428542FC5B5}.Release|Any CPU.ActiveCfg = Release|Any CPU
		{B5A7C192-0EE6-4BF1-80EB-A428542FC5B5}.Release|Any CPU.Build.0 = Release|Any CPU
		{8891D871-593E-4235-ACFE-B0877AC21E7F}.Debug|Any CPU.ActiveCfg = Debug|Any CPU
		{8891D871-593E-4235-ACFE-B0877AC21E7F}.Debug|Any CPU.Build.0 = Debug|Any CPU
		{8891D871-593E-4235-ACFE-B0877AC21E7F}.Release|Any CPU.ActiveCfg = Release|Any CPU
		{8891D871-593E-4235-ACFE-B0877AC21E7F}.Release|Any CPU.Build.0 = Release|Any CPU
		{7F3A400E-B3D4-4747-8985-0D2C6E9A905D}.Debug|Any CPU.ActiveCfg = Debug|Any CPU
		{7F3A400E-B3D4-4747-8985-0D2C6E9A905D}.Debug|Any CPU.Build.0 = Debug|Any CPU
		{7F3A400E-B3D4-4747-8985-0D2C6E9A905D}.Release|Any CPU.ActiveCfg = Release|Any CPU
		{7F3A400E-B3D4-4747-8985-0D2C6E9A905D}.Release|Any CPU.Build.0 = Release|Any CPU
		{C8107BC3-7A2B-448C-B967-4A64DAC054AC}.Debug|Any CPU.ActiveCfg = Debug|Any CPU
		{C8107BC3-7A2B-448C-B967-4A64DAC054AC}.Debug|Any CPU.Build.0 = Debug|Any CPU
		{C8107BC3-7A2B-448C-B967-4A64DAC054AC}.Release|Any CPU.ActiveCfg = Release|Any CPU
		{C8107BC3-7A2B-448C-B967-4A64DAC054AC}.Release|Any CPU.Build.0 = Release|Any CPU
		{4E126F1E-376F-4CE8-A3F5-5C3E0EF00E52}.Debug|Any CPU.ActiveCfg = Debug|Any CPU
		{4E126F1E-376F-4CE8-A3F5-5C3E0EF00E52}.Debug|Any CPU.Build.0 = Debug|Any CPU
		{4E126F1E-376F-4CE8-A3F5-5C3E0EF00E52}.Release|Any CPU.ActiveCfg = Release|Any CPU
		{4E126F1E-376F-4CE8-A3F5-5C3E0EF00E52}.Release|Any CPU.Build.0 = Release|Any CPU
		{87F4E158-B842-42AF-A25B-33620355876D}.Debug|Any CPU.ActiveCfg = Debug|Any CPU
		{87F4E158-B842-42AF-A25B-33620355876D}.Debug|Any CPU.Build.0 = Debug|Any CPU
		{87F4E158-B842-42AF-A25B-33620355876D}.Release|Any CPU.ActiveCfg = Release|Any CPU
		{87F4E158-B842-42AF-A25B-33620355876D}.Release|Any CPU.Build.0 = Release|Any CPU
	EndGlobalSection
	GlobalSection(SolutionProperties) = preSolution
		HideSolutionNode = FALSE
	EndGlobalSection
	GlobalSection(ExtensibilityGlobals) = postSolution
		SolutionGuid = {565D9788-0AD4-4337-9CD2-17DAC661753C}
	EndGlobalSection
EndGlobal
